// !$*UTF8*$!
{
	archiveVersion = 1;
	classes = {
	};
	objectVersion = 46;
	objects = {

/* Begin PBXBuildFile section */
		25C7A9381E68E900006E810C /* AppDelegate.swift in Sources */ = {isa = PBXBuildFile; fileRef = 25C7A9371E68E900006E810C /* AppDelegate.swift */; };
		25C7A93D1E68E900006E810C /* Wireframe.storyboard in Resources */ = {isa = PBXBuildFile; fileRef = 25C7A93B1E68E900006E810C /* Wireframe.storyboard */; };
		25C7A93F1E68E900006E810C /* Assets.xcassets in Resources */ = {isa = PBXBuildFile; fileRef = 25C7A93E1E68E900006E810C /* Assets.xcassets */; };
		25C7A9421E68E900006E810C /* LaunchScreen.storyboard in Resources */ = {isa = PBXBuildFile; fileRef = 25C7A9401E68E900006E810C /* LaunchScreen.storyboard */; };
		25C7A9501E68EC30006E810C /* RootContract.swift in Sources */ = {isa = PBXBuildFile; fileRef = 25C7A94F1E68EC30006E810C /* RootContract.swift */; };
		25C7A9521E68EC55006E810C /* RootRouter.swift in Sources */ = {isa = PBXBuildFile; fileRef = 25C7A9511E68EC55006E810C /* RootRouter.swift */; };
		25C7A9551E68EF6F006E810C /* TopSwiftReposContract.swift in Sources */ = {isa = PBXBuildFile; fileRef = 25C7A9541E68EF6F006E810C /* TopSwiftReposContract.swift */; };
		25C7A9571E68F01A006E810C /* TopSwiftReposPresenter.swift in Sources */ = {isa = PBXBuildFile; fileRef = 25C7A9561E68F01A006E810C /* TopSwiftReposPresenter.swift */; };
		25C7A9591E68F029006E810C /* TopSwiftReposInteractor.swift in Sources */ = {isa = PBXBuildFile; fileRef = 25C7A9581E68F029006E810C /* TopSwiftReposInteractor.swift */; };
		25C7A95B1E68F036006E810C /* TopSwiftReposRouter.swift in Sources */ = {isa = PBXBuildFile; fileRef = 25C7A95A1E68F036006E810C /* TopSwiftReposRouter.swift */; };
		25C7A95D1E68F07A006E810C /* TopSwiftReposViewController.swift in Sources */ = {isa = PBXBuildFile; fileRef = 25C7A95C1E68F07A006E810C /* TopSwiftReposViewController.swift */; };
		25F7EA521E6AEDE2008D928E /* GitHubAPI.swift in Sources */ = {isa = PBXBuildFile; fileRef = 25F7EA511E6AEDE2008D928E /* GitHubAPI.swift */; };
		25F7EA541E6AF1FE008D928E /* GitHubService.swift in Sources */ = {isa = PBXBuildFile; fileRef = 25F7EA531E6AF1FE008D928E /* GitHubService.swift */; };
		25F7EA571E6AF2F0008D928E /* Repo.swift in Sources */ = {isa = PBXBuildFile; fileRef = 25F7EA561E6AF2F0008D928E /* Repo.swift */; };
		25F7EA591E6AFC7E008D928E /* GitHubParser.swift in Sources */ = {isa = PBXBuildFile; fileRef = 25F7EA581E6AFC7E008D928E /* GitHubParser.swift */; };
		25F7EA5B1E6F67FF008D928E /* User.swift in Sources */ = {isa = PBXBuildFile; fileRef = 25F7EA5A1E6F67FF008D928E /* User.swift */; };
		25F7EA5F1E6F75A3008D928E /* RepoTableViewCell.swift in Sources */ = {isa = PBXBuildFile; fileRef = 25F7EA5E1E6F75A3008D928E /* RepoTableViewCell.swift */; };
		25F7EA621E744967008D928E /* RepoPullRequestsViewController.swift in Sources */ = {isa = PBXBuildFile; fileRef = 25F7EA611E744967008D928E /* RepoPullRequestsViewController.swift */; };
		25F7EA641E744995008D928E /* RepoPullRequestsRouter.swift in Sources */ = {isa = PBXBuildFile; fileRef = 25F7EA631E744995008D928E /* RepoPullRequestsRouter.swift */; };
		25F7EA661E7449EE008D928E /* RepoPullRequestsContract.swift in Sources */ = {isa = PBXBuildFile; fileRef = 25F7EA651E7449EE008D928E /* RepoPullRequestsContract.swift */; };
		25F7EA681E744A84008D928E /* RepoPullRequestsPresenter.swift in Sources */ = {isa = PBXBuildFile; fileRef = 25F7EA671E744A84008D928E /* RepoPullRequestsPresenter.swift */; };
		25F7EA6A1E744AB2008D928E /* RepoPullRequestsInteractor.swift in Sources */ = {isa = PBXBuildFile; fileRef = 25F7EA691E744AB2008D928E /* RepoPullRequestsInteractor.swift */; };
		C5C1053C7C8B0DFBA784BA19 /* Pods_GitHubApp.framework in Frameworks */ = {isa = PBXBuildFile; fileRef = 93B6A5E22C68BA8A674A28A2 /* Pods_GitHubApp.framework */; };
/* End PBXBuildFile section */

/* Begin PBXFileReference section */
		0655C81F9F33A59C403C73D9 /* Pods-GitHubApp.debug.xcconfig */ = {isa = PBXFileReference; includeInIndex = 1; lastKnownFileType = text.xcconfig; name = "Pods-GitHubApp.debug.xcconfig"; path = "Pods/Target Support Files/Pods-GitHubApp/Pods-GitHubApp.debug.xcconfig"; sourceTree = "<group>"; };
		25C7A9341E68E900006E810C /* GitHubApp.app */ = {isa = PBXFileReference; explicitFileType = wrapper.application; includeInIndex = 0; path = GitHubApp.app; sourceTree = BUILT_PRODUCTS_DIR; };
		25C7A9371E68E900006E810C /* AppDelegate.swift */ = {isa = PBXFileReference; lastKnownFileType = sourcecode.swift; path = AppDelegate.swift; sourceTree = "<group>"; };
		25C7A93C1E68E900006E810C /* Base */ = {isa = PBXFileReference; lastKnownFileType = file.storyboard; name = Base; path = Base.lproj/Wireframe.storyboard; sourceTree = "<group>"; };
		25C7A93E1E68E900006E810C /* Assets.xcassets */ = {isa = PBXFileReference; lastKnownFileType = folder.assetcatalog; path = Assets.xcassets; sourceTree = "<group>"; };
		25C7A9411E68E900006E810C /* Base */ = {isa = PBXFileReference; lastKnownFileType = file.storyboard; name = Base; path = Base.lproj/LaunchScreen.storyboard; sourceTree = "<group>"; };
		25C7A9431E68E900006E810C /* Info.plist */ = {isa = PBXFileReference; lastKnownFileType = text.plist.xml; path = Info.plist; sourceTree = "<group>"; };
		25C7A94F1E68EC30006E810C /* RootContract.swift */ = {isa = PBXFileReference; fileEncoding = 4; lastKnownFileType = sourcecode.swift; path = RootContract.swift; sourceTree = "<group>"; };
		25C7A9511E68EC55006E810C /* RootRouter.swift */ = {isa = PBXFileReference; fileEncoding = 4; lastKnownFileType = sourcecode.swift; path = RootRouter.swift; sourceTree = "<group>"; };
		25C7A9541E68EF6F006E810C /* TopSwiftReposContract.swift */ = {isa = PBXFileReference; fileEncoding = 4; lastKnownFileType = sourcecode.swift; path = TopSwiftReposContract.swift; sourceTree = "<group>"; };
		25C7A9561E68F01A006E810C /* TopSwiftReposPresenter.swift */ = {isa = PBXFileReference; fileEncoding = 4; lastKnownFileType = sourcecode.swift; path = TopSwiftReposPresenter.swift; sourceTree = "<group>"; };
		25C7A9581E68F029006E810C /* TopSwiftReposInteractor.swift */ = {isa = PBXFileReference; fileEncoding = 4; lastKnownFileType = sourcecode.swift; path = TopSwiftReposInteractor.swift; sourceTree = "<group>"; };
		25C7A95A1E68F036006E810C /* TopSwiftReposRouter.swift */ = {isa = PBXFileReference; fileEncoding = 4; lastKnownFileType = sourcecode.swift; path = TopSwiftReposRouter.swift; sourceTree = "<group>"; };
		25C7A95C1E68F07A006E810C /* TopSwiftReposViewController.swift */ = {isa = PBXFileReference; fileEncoding = 4; lastKnownFileType = sourcecode.swift; path = TopSwiftReposViewController.swift; sourceTree = "<group>"; };
		25F7EA511E6AEDE2008D928E /* GitHubAPI.swift */ = {isa = PBXFileReference; fileEncoding = 4; lastKnownFileType = sourcecode.swift; path = GitHubAPI.swift; sourceTree = "<group>"; };
		25F7EA531E6AF1FE008D928E /* GitHubService.swift */ = {isa = PBXFileReference; fileEncoding = 4; lastKnownFileType = sourcecode.swift; path = GitHubService.swift; sourceTree = "<group>"; };
		25F7EA561E6AF2F0008D928E /* Repo.swift */ = {isa = PBXFileReference; fileEncoding = 4; lastKnownFileType = sourcecode.swift; path = Repo.swift; sourceTree = "<group>"; };
		25F7EA581E6AFC7E008D928E /* GitHubParser.swift */ = {isa = PBXFileReference; fileEncoding = 4; lastKnownFileType = sourcecode.swift; path = GitHubParser.swift; sourceTree = "<group>"; };
		25F7EA5A1E6F67FF008D928E /* User.swift */ = {isa = PBXFileReference; fileEncoding = 4; lastKnownFileType = sourcecode.swift; path = User.swift; sourceTree = "<group>"; };
		25F7EA5E1E6F75A3008D928E /* RepoTableViewCell.swift */ = {isa = PBXFileReference; fileEncoding = 4; lastKnownFileType = sourcecode.swift; path = RepoTableViewCell.swift; sourceTree = "<group>"; };
		25F7EA611E744967008D928E /* RepoPullRequestsViewController.swift */ = {isa = PBXFileReference; fileEncoding = 4; lastKnownFileType = sourcecode.swift; path = RepoPullRequestsViewController.swift; sourceTree = "<group>"; };
		25F7EA631E744995008D928E /* RepoPullRequestsRouter.swift */ = {isa = PBXFileReference; fileEncoding = 4; lastKnownFileType = sourcecode.swift; path = RepoPullRequestsRouter.swift; sourceTree = "<group>"; };
		25F7EA651E7449EE008D928E /* RepoPullRequestsContract.swift */ = {isa = PBXFileReference; fileEncoding = 4; lastKnownFileType = sourcecode.swift; path = RepoPullRequestsContract.swift; sourceTree = "<group>"; };
		25F7EA671E744A84008D928E /* RepoPullRequestsPresenter.swift */ = {isa = PBXFileReference; fileEncoding = 4; lastKnownFileType = sourcecode.swift; path = RepoPullRequestsPresenter.swift; sourceTree = "<group>"; };
		25F7EA691E744AB2008D928E /* RepoPullRequestsInteractor.swift */ = {isa = PBXFileReference; fileEncoding = 4; lastKnownFileType = sourcecode.swift; path = RepoPullRequestsInteractor.swift; sourceTree = "<group>"; };
		93B6A5E22C68BA8A674A28A2 /* Pods_GitHubApp.framework */ = {isa = PBXFileReference; explicitFileType = wrapper.framework; includeInIndex = 0; path = Pods_GitHubApp.framework; sourceTree = BUILT_PRODUCTS_DIR; };
		DE5ED16B0578FBD22524130A /* Pods-GitHubApp.release.xcconfig */ = {isa = PBXFileReference; includeInIndex = 1; lastKnownFileType = text.xcconfig; name = "Pods-GitHubApp.release.xcconfig"; path = "Pods/Target Support Files/Pods-GitHubApp/Pods-GitHubApp.release.xcconfig"; sourceTree = "<group>"; };
/* End PBXFileReference section */

/* Begin PBXFrameworksBuildPhase section */
		25C7A9311E68E900006E810C /* Frameworks */ = {
			isa = PBXFrameworksBuildPhase;
			buildActionMask = 2147483647;
			files = (
				C5C1053C7C8B0DFBA784BA19 /* Pods_GitHubApp.framework in Frameworks */,
			);
			runOnlyForDeploymentPostprocessing = 0;
		};
/* End PBXFrameworksBuildPhase section */

/* Begin PBXGroup section */
		25C7A92B1E68E900006E810C = {
			isa = PBXGroup;
			children = (
				25C7A9361E68E900006E810C /* GitHubApp */,
				25C7A9351E68E900006E810C /* Products */,
				9A770A70735C6B79900333CD /* Pods */,
				5711979D80C675517E335D1B /* Frameworks */,
			);
			sourceTree = "<group>";
		};
		25C7A9351E68E900006E810C /* Products */ = {
			isa = PBXGroup;
			children = (
				25C7A9341E68E900006E810C /* GitHubApp.app */,
			);
			name = Products;
			sourceTree = "<group>";
		};
		25C7A9361E68E900006E810C /* GitHubApp */ = {
			isa = PBXGroup;
			children = (
				25C7A94B1E68EB9B006E810C /* Application */,
				25C7A94C1E68EBAD006E810C /* Resources */,
				25C7A94D1E68EBDD006E810C /* Modules */,
				25C7A95E1E6AECBD006E810C /* Network */,
				25F7EA551E6AF2D0008D928E /* Models */,
			);
			path = GitHubApp;
			sourceTree = "<group>";
		};
		25C7A94B1E68EB9B006E810C /* Application */ = {
			isa = PBXGroup;
			children = (
				25C7A9371E68E900006E810C /* AppDelegate.swift */,
			);
			name = Application;
			sourceTree = "<group>";
		};
		25C7A94C1E68EBAD006E810C /* Resources */ = {
			isa = PBXGroup;
			children = (
				25C7A93B1E68E900006E810C /* Wireframe.storyboard */,
				25C7A93E1E68E900006E810C /* Assets.xcassets */,
				25C7A9401E68E900006E810C /* LaunchScreen.storyboard */,
				25C7A9431E68E900006E810C /* Info.plist */,
			);
			name = Resources;
			sourceTree = "<group>";
		};
		25C7A94D1E68EBDD006E810C /* Modules */ = {
			isa = PBXGroup;
			children = (
				25C7A94E1E68EBE9006E810C /* Root */,
				25C7A9531E68ECEA006E810C /* Top Swift Repos */,
				25F7EA601E7447D4008D928E /* Repo Pull Requests */,
			);
			name = Modules;
			sourceTree = "<group>";
		};
		25C7A94E1E68EBE9006E810C /* Root */ = {
			isa = PBXGroup;
			children = (
				25C7A94F1E68EC30006E810C /* RootContract.swift */,
				25C7A9511E68EC55006E810C /* RootRouter.swift */,
			);
			name = Root;
			sourceTree = "<group>";
		};
		25C7A9531E68ECEA006E810C /* Top Swift Repos */ = {
			isa = PBXGroup;
			children = (
				25C7A9541E68EF6F006E810C /* TopSwiftReposContract.swift */,
				25C7A95A1E68F036006E810C /* TopSwiftReposRouter.swift */,
				25C7A9581E68F029006E810C /* TopSwiftReposInteractor.swift */,
				25C7A9561E68F01A006E810C /* TopSwiftReposPresenter.swift */,
				25C7A95C1E68F07A006E810C /* TopSwiftReposViewController.swift */,
				25F7EA5E1E6F75A3008D928E /* RepoTableViewCell.swift */,
			);
			name = "Top Swift Repos";
			sourceTree = "<group>";
		};
		25C7A95E1E6AECBD006E810C /* Network */ = {
			isa = PBXGroup;
			children = (
				25F7EA511E6AEDE2008D928E /* GitHubAPI.swift */,
				25F7EA531E6AF1FE008D928E /* GitHubService.swift */,
				25F7EA581E6AFC7E008D928E /* GitHubParser.swift */,
			);
			name = Network;
			sourceTree = "<group>";
		};
		25F7EA551E6AF2D0008D928E /* Models */ = {
			isa = PBXGroup;
			children = (
				25F7EA561E6AF2F0008D928E /* Repo.swift */,
				25F7EA5A1E6F67FF008D928E /* User.swift */,
			);
			name = Models;
			sourceTree = "<group>";
		};
		25F7EA601E7447D4008D928E /* Repo Pull Requests */ = {
			isa = PBXGroup;
			children = (
				25F7EA651E7449EE008D928E /* RepoPullRequestsContract.swift */,
				25F7EA631E744995008D928E /* RepoPullRequestsRouter.swift */,
				25F7EA691E744AB2008D928E /* RepoPullRequestsInteractor.swift */,
				25F7EA671E744A84008D928E /* RepoPullRequestsPresenter.swift */,
				25F7EA611E744967008D928E /* RepoPullRequestsViewController.swift */,
			);
			name = "Repo Pull Requests";
			sourceTree = "<group>";
		};
		5711979D80C675517E335D1B /* Frameworks */ = {
			isa = PBXGroup;
			children = (
				93B6A5E22C68BA8A674A28A2 /* Pods_GitHubApp.framework */,
			);
			name = Frameworks;
			sourceTree = "<group>";
		};
		9A770A70735C6B79900333CD /* Pods */ = {
			isa = PBXGroup;
			children = (
				0655C81F9F33A59C403C73D9 /* Pods-GitHubApp.debug.xcconfig */,
				DE5ED16B0578FBD22524130A /* Pods-GitHubApp.release.xcconfig */,
			);
			name = Pods;
			sourceTree = "<group>";
		};
/* End PBXGroup section */

/* Begin PBXNativeTarget section */
		25C7A9331E68E900006E810C /* GitHubApp */ = {
			isa = PBXNativeTarget;
			buildConfigurationList = 25C7A9461E68E900006E810C /* Build configuration list for PBXNativeTarget "GitHubApp" */;
			buildPhases = (
				0DB5D331B6FFE5CA66EE0C7B /* [CP] Check Pods Manifest.lock */,
				25C7A9301E68E900006E810C /* Sources */,
				25C7A9311E68E900006E810C /* Frameworks */,
				25C7A9321E68E900006E810C /* Resources */,
				E2AC4CAA8F91700D43BBBB80 /* [CP] Embed Pods Frameworks */,
				F0A014D16BB9628AFCF611A2 /* [CP] Copy Pods Resources */,
			);
			buildRules = (
			);
			dependencies = (
			);
			name = GitHubApp;
			productName = GitHubApp;
			productReference = 25C7A9341E68E900006E810C /* GitHubApp.app */;
			productType = "com.apple.product-type.application";
		};
/* End PBXNativeTarget section */

/* Begin PBXProject section */
		25C7A92C1E68E900006E810C /* Project object */ = {
			isa = PBXProject;
			attributes = {
				LastSwiftUpdateCheck = 0820;
				LastUpgradeCheck = 0820;
				ORGANIZATIONNAME = "Marcelo Reina";
				TargetAttributes = {
					25C7A9331E68E900006E810C = {
						CreatedOnToolsVersion = 8.2.1;
						DevelopmentTeam = 5Z8RWRLWK3;
						ProvisioningStyle = Automatic;
					};
				};
			};
			buildConfigurationList = 25C7A92F1E68E900006E810C /* Build configuration list for PBXProject "GitHubApp" */;
			compatibilityVersion = "Xcode 3.2";
			developmentRegion = English;
			hasScannedForEncodings = 0;
			knownRegions = (
				en,
				Base,
			);
			mainGroup = 25C7A92B1E68E900006E810C;
			productRefGroup = 25C7A9351E68E900006E810C /* Products */;
			projectDirPath = "";
			projectRoot = "";
			targets = (
				25C7A9331E68E900006E810C /* GitHubApp */,
			);
		};
/* End PBXProject section */

/* Begin PBXResourcesBuildPhase section */
		25C7A9321E68E900006E810C /* Resources */ = {
			isa = PBXResourcesBuildPhase;
			buildActionMask = 2147483647;
			files = (
				25C7A9421E68E900006E810C /* LaunchScreen.storyboard in Resources */,
				25C7A93F1E68E900006E810C /* Assets.xcassets in Resources */,
				25C7A93D1E68E900006E810C /* Wireframe.storyboard in Resources */,
			);
			runOnlyForDeploymentPostprocessing = 0;
		};
/* End PBXResourcesBuildPhase section */

/* Begin PBXShellScriptBuildPhase section */
		0DB5D331B6FFE5CA66EE0C7B /* [CP] Check Pods Manifest.lock */ = {
			isa = PBXShellScriptBuildPhase;
			buildActionMask = 2147483647;
			files = (
			);
			inputPaths = (
			);
			name = "[CP] Check Pods Manifest.lock";
			outputPaths = (
			);
			runOnlyForDeploymentPostprocessing = 0;
			shellPath = /bin/sh;
			shellScript = "diff \"${PODS_ROOT}/../Podfile.lock\" \"${PODS_ROOT}/Manifest.lock\" > /dev/null\nif [ $? != 0 ] ; then\n    # print error to STDERR\n    echo \"error: The sandbox is not in sync with the Podfile.lock. Run 'pod install' or update your CocoaPods installation.\" >&2\n    exit 1\nfi\n";
			showEnvVarsInLog = 0;
		};
		E2AC4CAA8F91700D43BBBB80 /* [CP] Embed Pods Frameworks */ = {
			isa = PBXShellScriptBuildPhase;
			buildActionMask = 2147483647;
			files = (
			);
			inputPaths = (
			);
			name = "[CP] Embed Pods Frameworks";
			outputPaths = (
			);
			runOnlyForDeploymentPostprocessing = 0;
			shellPath = /bin/sh;
			shellScript = "\"${SRCROOT}/Pods/Target Support Files/Pods-GitHubApp/Pods-GitHubApp-frameworks.sh\"\n";
			showEnvVarsInLog = 0;
		};
		F0A014D16BB9628AFCF611A2 /* [CP] Copy Pods Resources */ = {
			isa = PBXShellScriptBuildPhase;
			buildActionMask = 2147483647;
			files = (
			);
			inputPaths = (
			);
			name = "[CP] Copy Pods Resources";
			outputPaths = (
			);
			runOnlyForDeploymentPostprocessing = 0;
			shellPath = /bin/sh;
			shellScript = "\"${SRCROOT}/Pods/Target Support Files/Pods-GitHubApp/Pods-GitHubApp-resources.sh\"\n";
			showEnvVarsInLog = 0;
		};
/* End PBXShellScriptBuildPhase section */

/* Begin PBXSourcesBuildPhase section */
		25C7A9301E68E900006E810C /* Sources */ = {
			isa = PBXSourcesBuildPhase;
			buildActionMask = 2147483647;
			files = (
				25F7EA5B1E6F67FF008D928E /* User.swift in Sources */,
				25F7EA571E6AF2F0008D928E /* Repo.swift in Sources */,
				25F7EA591E6AFC7E008D928E /* GitHubParser.swift in Sources */,
				25F7EA5F1E6F75A3008D928E /* RepoTableViewCell.swift in Sources */,
				25F7EA621E744967008D928E /* RepoPullRequestsViewController.swift in Sources */,
				25F7EA541E6AF1FE008D928E /* GitHubService.swift in Sources */,
				25C7A95B1E68F036006E810C /* TopSwiftReposRouter.swift in Sources */,
				25F7EA641E744995008D928E /* RepoPullRequestsRouter.swift in Sources */,
				25F7EA521E6AEDE2008D928E /* GitHubAPI.swift in Sources */,
				25C7A9591E68F029006E810C /* TopSwiftReposInteractor.swift in Sources */,
				25C7A9521E68EC55006E810C /* RootRouter.swift in Sources */,
				25F7EA6A1E744AB2008D928E /* RepoPullRequestsInteractor.swift in Sources */,
				25C7A9551E68EF6F006E810C /* TopSwiftReposContract.swift in Sources */,
				25C7A95D1E68F07A006E810C /* TopSwiftReposViewController.swift in Sources */,
				25F7EA681E744A84008D928E /* RepoPullRequestsPresenter.swift in Sources */,
				25C7A9501E68EC30006E810C /* RootContract.swift in Sources */,
				25F7EA661E7449EE008D928E /* RepoPullRequestsContract.swift in Sources */,
				25C7A9571E68F01A006E810C /* TopSwiftReposPresenter.swift in Sources */,
				25C7A9381E68E900006E810C /* AppDelegate.swift in Sources */,
			);
			runOnlyForDeploymentPostprocessing = 0;
		};
/* End PBXSourcesBuildPhase section */

/* Begin PBXVariantGroup section */
		25C7A93B1E68E900006E810C /* Wireframe.storyboard */ = {
			isa = PBXVariantGroup;
			children = (
				25C7A93C1E68E900006E810C /* Base */,
			);
			name = Wireframe.storyboard;
			sourceTree = "<group>";
		};
		25C7A9401E68E900006E810C /* LaunchScreen.storyboard */ = {
			isa = PBXVariantGroup;
			children = (
				25C7A9411E68E900006E810C /* Base */,
			);
			name = LaunchScreen.storyboard;
			sourceTree = "<group>";
		};
/* End PBXVariantGroup section */

/* Begin XCBuildConfiguration section */
		25C7A9441E68E900006E810C /* Debug */ = {
			isa = XCBuildConfiguration;
			buildSettings = {
				ALWAYS_SEARCH_USER_PATHS = NO;
				CLANG_ANALYZER_NONNULL = YES;
				CLANG_CXX_LANGUAGE_STANDARD = "gnu++0x";
				CLANG_CXX_LIBRARY = "libc++";
				CLANG_ENABLE_MODULES = YES;
				CLANG_ENABLE_OBJC_ARC = YES;
				CLANG_WARN_BOOL_CONVERSION = YES;
				CLANG_WARN_CONSTANT_CONVERSION = YES;
				CLANG_WARN_DIRECT_OBJC_ISA_USAGE = YES_ERROR;
				CLANG_WARN_DOCUMENTATION_COMMENTS = YES;
				CLANG_WARN_EMPTY_BODY = YES;
				CLANG_WARN_ENUM_CONVERSION = YES;
				CLANG_WARN_INFINITE_RECURSION = YES;
				CLANG_WARN_INT_CONVERSION = YES;
				CLANG_WARN_OBJC_ROOT_CLASS = YES_ERROR;
				CLANG_WARN_SUSPICIOUS_MOVE = YES;
				CLANG_WARN_UNREACHABLE_CODE = YES;
				CLANG_WARN__DUPLICATE_METHOD_MATCH = YES;
				"CODE_SIGN_IDENTITY[sdk=iphoneos*]" = "iPhone Developer";
				COPY_PHASE_STRIP = NO;
				DEBUG_INFORMATION_FORMAT = dwarf;
				ENABLE_STRICT_OBJC_MSGSEND = YES;
				ENABLE_TESTABILITY = YES;
				GCC_C_LANGUAGE_STANDARD = gnu99;
				GCC_DYNAMIC_NO_PIC = NO;
				GCC_NO_COMMON_BLOCKS = YES;
				GCC_OPTIMIZATION_LEVEL = 0;
				GCC_PREPROCESSOR_DEFINITIONS = (
					"DEBUG=1",
					"$(inherited)",
				);
				GCC_WARN_64_TO_32_BIT_CONVERSION = YES;
				GCC_WARN_ABOUT_RETURN_TYPE = YES_ERROR;
				GCC_WARN_UNDECLARED_SELECTOR = YES;
				GCC_WARN_UNINITIALIZED_AUTOS = YES_AGGRESSIVE;
				GCC_WARN_UNUSED_FUNCTION = YES;
				GCC_WARN_UNUSED_VARIABLE = YES;
				IPHONEOS_DEPLOYMENT_TARGET = 10.2;
				MTL_ENABLE_DEBUG_INFO = YES;
				ONLY_ACTIVE_ARCH = YES;
				SDKROOT = iphoneos;
				SWIFT_ACTIVE_COMPILATION_CONDITIONS = DEBUG;
				SWIFT_OPTIMIZATION_LEVEL = "-Onone";
			};
			name = Debug;
		};
		25C7A9451E68E900006E810C /* Release */ = {
			isa = XCBuildConfiguration;
			buildSettings = {
				ALWAYS_SEARCH_USER_PATHS = NO;
				CLANG_ANALYZER_NONNULL = YES;
				CLANG_CXX_LANGUAGE_STANDARD = "gnu++0x";
				CLANG_CXX_LIBRARY = "libc++";
				CLANG_ENABLE_MODULES = YES;
				CLANG_ENABLE_OBJC_ARC = YES;
				CLANG_WARN_BOOL_CONVERSION = YES;
				CLANG_WARN_CONSTANT_CONVERSION = YES;
				CLANG_WARN_DIRECT_OBJC_ISA_USAGE = YES_ERROR;
				CLANG_WARN_DOCUMENTATION_COMMENTS = YES;
				CLANG_WARN_EMPTY_BODY = YES;
				CLANG_WARN_ENUM_CONVERSION = YES;
				CLANG_WARN_INFINITE_RECURSION = YES;
				CLANG_WARN_INT_CONVERSION = YES;
				CLANG_WARN_OBJC_ROOT_CLASS = YES_ERROR;
				CLANG_WARN_SUSPICIOUS_MOVE = YES;
				CLANG_WARN_UNREACHABLE_CODE = YES;
				CLANG_WARN__DUPLICATE_METHOD_MATCH = YES;
				"CODE_SIGN_IDENTITY[sdk=iphoneos*]" = "iPhone Developer";
				COPY_PHASE_STRIP = NO;
				DEBUG_INFORMATION_FORMAT = "dwarf-with-dsym";
				ENABLE_NS_ASSERTIONS = NO;
				ENABLE_STRICT_OBJC_MSGSEND = YES;
				GCC_C_LANGUAGE_STANDARD = gnu99;
				GCC_NO_COMMON_BLOCKS = YES;
				GCC_WARN_64_TO_32_BIT_CONVERSION = YES;
				GCC_WARN_ABOUT_RETURN_TYPE = YES_ERROR;
				GCC_WARN_UNDECLARED_SELECTOR = YES;
				GCC_WARN_UNINITIALIZED_AUTOS = YES_AGGRESSIVE;
				GCC_WARN_UNUSED_FUNCTION = YES;
				GCC_WARN_UNUSED_VARIABLE = YES;
				IPHONEOS_DEPLOYMENT_TARGET = 10.2;
				MTL_ENABLE_DEBUG_INFO = NO;
				SDKROOT = iphoneos;
				SWIFT_OPTIMIZATION_LEVEL = "-Owholemodule";
				VALIDATE_PRODUCT = YES;
			};
			name = Release;
		};
		25C7A9471E68E900006E810C /* Debug */ = {
			isa = XCBuildConfiguration;
			baseConfigurationReference = 0655C81F9F33A59C403C73D9 /* Pods-GitHubApp.debug.xcconfig */;
			buildSettings = {
				ASSETCATALOG_COMPILER_APPICON_NAME = AppIcon;
				DEVELOPMENT_TEAM = 5Z8RWRLWK3;
				INFOPLIST_FILE = GitHubApp/Info.plist;
				LD_RUNPATH_SEARCH_PATHS = "$(inherited) @executable_path/Frameworks";
				PRODUCT_BUNDLE_IDENTIFIER = br.com.marceloreina.GitHubApp;
				PRODUCT_NAME = "$(TARGET_NAME)";
				SWIFT_VERSION = 3.0;
			};
			name = Debug;
		};
		25C7A9481E68E900006E810C /* Release */ = {
			isa = XCBuildConfiguration;
			baseConfigurationReference = DE5ED16B0578FBD22524130A /* Pods-GitHubApp.release.xcconfig */;
			buildSettings = {
				ASSETCATALOG_COMPILER_APPICON_NAME = AppIcon;
				DEVELOPMENT_TEAM = 5Z8RWRLWK3;
				INFOPLIST_FILE = GitHubApp/Info.plist;
				LD_RUNPATH_SEARCH_PATHS = "$(inherited) @executable_path/Frameworks";
				PRODUCT_BUNDLE_IDENTIFIER = br.com.marceloreina.GitHubApp;
				PRODUCT_NAME = "$(TARGET_NAME)";
				SWIFT_VERSION = 3.0;
			};
			name = Release;
		};
/* End XCBuildConfiguration section */

/* Begin XCConfigurationList section */
		25C7A92F1E68E900006E810C /* Build configuration list for PBXProject "GitHubApp" */ = {
			isa = XCConfigurationList;
			buildConfigurations = (
				25C7A9441E68E900006E810C /* Debug */,
				25C7A9451E68E900006E810C /* Release */,
			);
			defaultConfigurationIsVisible = 0;
			defaultConfigurationName = Release;
		};
		25C7A9461E68E900006E810C /* Build configuration list for PBXNativeTarget "GitHubApp" */ = {
			isa = XCConfigurationList;
			buildConfigurations = (
				25C7A9471E68E900006E810C /* Debug */,
				25C7A9481E68E900006E810C /* Release */,
			);
			defaultConfigurationIsVisible = 0;
			defaultConfigurationName = Release;
		};
/* End XCConfigurationList section */
	};
	rootObject = 25C7A92C1E68E900006E810C /* Project object */;
}
