PODS:
  - Alamofire (4.4.0)
  - Haneke (1.0.2)
  - Moya (8.0.3):
    - Moya/Core (= 8.0.3)
  - Moya/Core (8.0.3):
    - Alamofire (~> 4.1)
    - Result (~> 3.0)
  - Result (3.2.1)

DEPENDENCIES:
  - Haneke
  - Moya (~> 8.0.3)

SPEC CHECKSUMS:
  Alamofire: dc44b1600b800eb63da6a19039a0083d62a6a62d
  Haneke: 01454a67322faa0dd9d81fc0f447885044e71521
  Moya: d3721622e3cc0cc2f038d69a258686f0b66e7252
  Result: 2453a22e5c5b11c0c3a478736e82cd02f763b781

PODFILE CHECKSUM: f1d12c27a5f882cca616003663d89ea84f725cfc

COCOAPODS: 1.1.1
